
Microsoft Visual Studio Solution File, Format Version 12.00
# Visual Studio Version 17
VisualStudioVersion = 17.5.33424.131
MinimumVisualStudioVersion = 10.0.40219.1
Project("{FAE04EC0-301F-11D3-BF4B-00C04F79EFBC}") = "HW5_module3", "HW5_module3.csproj", "{8598C244-FD29-40A9-90E2-B9330CFF2BFD}"
EndProject
Global
	GlobalSection(SolutionConfigurationPlatforms) = preSolution
		Debug|Any CPU = Debug|Any CPU
		Release|Any CPU = Release|Any CPU
	EndGlobalSection
	GlobalSection(ProjectConfigurationPlatforms) = postSolution
		{8598C244-FD29-40A9-90E2-B9330CFF2BFD}.Debug|Any CPU.ActiveCfg = Debug|Any CPU
		{8598C244-FD29-40A9-90E2-B9330CFF2BFD}.Debug|Any CPU.Build.0 = Debug|Any CPU
		{8598C244-FD29-40A9-90E2-B9330CFF2BFD}.Release|Any CPU.ActiveCfg = Release|Any CPU
		{8598C244-FD29-40A9-90E2-B9330CFF2BFD}.Release|Any CPU.Build.0 = Release|Any CPU
	EndGlobalSection
	GlobalSection(SolutionProperties) = preSolution
		HideSolutionNode = FALSE
	EndGlobalSection
	GlobalSection(ExtensibilityGlobals) = postSolution
		SolutionGuid = {728D9D90-54D6-4760-8BBC-FC6512FC7CA6}
	EndGlobalSection
EndGlobal
